
Microsoft Visual Studio Solution File, Format Version 12.00
# Visual Studio 15
VisualStudioVersion = 15.0.28307.329
MinimumVisualStudioVersion = 10.0.40219.1
Project("{9A19103F-16F7-4668-BE54-9A1E7A4F7556}") = "AsposeEmailPOC", "MailKitReadEmailPOC\AsposeEmailPOC.csproj", "{DBDD16E4-4F1B-43CF-8EE8-163E67A6BEA6}"
EndProject
Global
	GlobalSection(SolutionConfigurationPlatforms) = preSolution
		Debug|Any CPU = Debug|Any CPU
		Release|Any CPU = Release|Any CPU
	EndGlobalSection
	GlobalSection(ProjectConfigurationPlatforms) = postSolution
		{DBDD16E4-4F1B-43CF-8EE8-163E67A6BEA6}.Debug|Any CPU.ActiveCfg = Debug|Any CPU
		{DBDD16E4-4F1B-43CF-8EE8-163E67A6BEA6}.Debug|Any CPU.Build.0 = Debug|Any CPU
		{DBDD16E4-4F1B-43CF-8EE8-163E67A6BEA6}.Release|Any CPU.ActiveCfg = Release|Any CPU
		{DBDD16E4-4F1B-43CF-8EE8-163E67A6BEA6}.Release|Any CPU.Build.0 = Release|Any CPU
	EndGlobalSection
	GlobalSection(SolutionProperties) = preSolution
		HideSolutionNode = FALSE
	EndGlobalSection
	GlobalSection(ExtensibilityGlobals) = postSolution
		SolutionGuid = {CC499B21-C419-4C5B-947D-19C2CBC5BCA5}
	EndGlobalSection
EndGlobal
